// !$*UTF8*$!
{
	archiveVersion = 1;
	classes = {
	};
	objectVersion = 46;
	objects = {

/* Begin PBXBuildFile section */
		B8A7728D1AB3E4120061DEFB /* main.m in Sources */ = {isa = PBXBuildFile; fileRef = B8A7728C1AB3E4120061DEFB /* main.m */; };
		B8A772901AB3E4120061DEFB /* AppDelegate.m in Sources */ = {isa = PBXBuildFile; fileRef = B8A7728F1AB3E4120061DEFB /* AppDelegate.m */; };
		B8A772961AB3E4120061DEFB /* Main.storyboard in Resources */ = {isa = PBXBuildFile; fileRef = B8A772941AB3E4120061DEFB /* Main.storyboard */; };
		B8A772981AB3E4120061DEFB /* Images.xcassets in Resources */ = {isa = PBXBuildFile; fileRef = B8A772971AB3E4120061DEFB /* Images.xcassets */; };
		B8A7729B1AB3E4120061DEFB /* LaunchScreen.xib in Resources */ = {isa = PBXBuildFile; fileRef = B8A772991AB3E4120061DEFB /* LaunchScreen.xib */; };
		B8A772A71AB3E4120061DEFB /* TableViewAppTests.m in Sources */ = {isa = PBXBuildFile; fileRef = B8A772A61AB3E4120061DEFB /* TableViewAppTests.m */; };
		B8A772B21AB3E4A30061DEFB /* TableViewController.m in Sources */ = {isa = PBXBuildFile; fileRef = B8A772B11AB3E4A30061DEFB /* TableViewController.m */; };
		B8A772BC1AB3EB430061DEFB /* greatwall.jpeg in Resources */ = {isa = PBXBuildFile; fileRef = B8A772B31AB3EB430061DEFB /* greatwall.jpeg */; };
		B8A772BD1AB3EB430061DEFB /* hollywood.jpeg in Resources */ = {isa = PBXBuildFile; fileRef = B8A772B41AB3EB430061DEFB /* hollywood.jpeg */; };
		B8A772BE1AB3EB430061DEFB /* esb.jpeg in Resources */ = {isa = PBXBuildFile; fileRef = B8A772B51AB3EB430061DEFB /* esb.jpeg */; };
		B8A772BF1AB3EB430061DEFB /* bigben.jpeg in Resources */ = {isa = PBXBuildFile; fileRef = B8A772B61AB3EB430061DEFB /* bigben.jpeg */; };
		B8A772C01AB3EB430061DEFB /* christ.jpeg in Resources */ = {isa = PBXBuildFile; fileRef = B8A772B71AB3EB430061DEFB /* christ.jpeg */; };
		B8A772C11AB3EB430061DEFB /* cn.jpeg in Resources */ = {isa = PBXBuildFile; fileRef = B8A772B81AB3EB430061DEFB /* cn.jpeg */; };
		B8A772C21AB3EB430061DEFB /* eiffel.jpeg in Resources */ = {isa = PBXBuildFile; fileRef = B8A772B91AB3EB430061DEFB /* eiffel.jpeg */; };
		B8A772C31AB3EB430061DEFB /* taj.jpeg in Resources */ = {isa = PBXBuildFile; fileRef = B8A772BA1AB3EB430061DEFB /* taj.jpeg */; };
		B8A772C41AB3EB430061DEFB /* stonehenge.jpeg in Resources */ = {isa = PBXBuildFile; fileRef = B8A772BB1AB3EB430061DEFB /* stonehenge.jpeg */; };
		B8A772C71AB3ECC60061DEFB /* TableViewCell.m in Sources */ = {isa = PBXBuildFile; fileRef = B8A772C61AB3ECC60061DEFB /* TableViewCell.m */; };
		B8A772CA1AB4BF490061DEFB /* DetailViewController.m in Sources */ = {isa = PBXBuildFile; fileRef = B8A772C91AB4BF490061DEFB /* DetailViewController.m */; };
/* End PBXBuildFile section */

/* Begin PBXContainerItemProxy section */
		B8A772A11AB3E4120061DEFB /* PBXContainerItemProxy */ = {
			isa = PBXContainerItemProxy;
			containerPortal = B8A7727F1AB3E4110061DEFB /* Project object */;
			proxyType = 1;
			remoteGlobalIDString = B8A772861AB3E4110061DEFB;
			remoteInfo = TableViewApp;
		};
/* End PBXContainerItemProxy section */

/* Begin PBXFileReference section */
		B8A772871AB3E4110061DEFB /* TableViewApp.app */ = {isa = PBXFileReference; explicitFileType = wrapper.application; includeInIndex = 0; path = TableViewApp.app; sourceTree = BUILT_PRODUCTS_DIR; };
		B8A7728B1AB3E4120061DEFB /* Info.plist */ = {isa = PBXFileReference; lastKnownFileType = text.plist.xml; path = Info.plist; sourceTree = "<group>"; };
		B8A7728C1AB3E4120061DEFB /* main.m */ = {isa = PBXFileReference; lastKnownFileType = sourcecode.c.objc; path = main.m; sourceTree = "<group>"; };
		B8A7728E1AB3E4120061DEFB /* AppDelegate.h */ = {isa = PBXFileReference; lastKnownFileType = sourcecode.c.h; path = AppDelegate.h; sourceTree = "<group>"; };
		B8A7728F1AB3E4120061DEFB /* AppDelegate.m */ = {isa = PBXFileReference; lastKnownFileType = sourcecode.c.objc; path = AppDelegate.m; sourceTree = "<group>"; };
		B8A772951AB3E4120061DEFB /* Base */ = {isa = PBXFileReference; lastKnownFileType = file.storyboard; name = Base; path = Base.lproj/Main.storyboard; sourceTree = "<group>"; };
		B8A772971AB3E4120061DEFB /* Images.xcassets */ = {isa = PBXFileReference; lastKnownFileType = folder.assetcatalog; path = Images.xcassets; sourceTree = "<group>"; };
		B8A7729A1AB3E4120061DEFB /* Base */ = {isa = PBXFileReference; lastKnownFileType = file.xib; name = Base; path = Base.lproj/LaunchScreen.xib; sourceTree = "<group>"; };
		B8A772A01AB3E4120061DEFB /* TableViewAppTests.xctest */ = {isa = PBXFileReference; explicitFileType = wrapper.cfbundle; includeInIndex = 0; path = TableViewAppTests.xctest; sourceTree = BUILT_PRODUCTS_DIR; };
		B8A772A51AB3E4120061DEFB /* Info.plist */ = {isa = PBXFileReference; lastKnownFileType = text.plist.xml; path = Info.plist; sourceTree = "<group>"; };
		B8A772A61AB3E4120061DEFB /* TableViewAppTests.m */ = {isa = PBXFileReference; lastKnownFileType = sourcecode.c.objc; path = TableViewAppTests.m; sourceTree = "<group>"; };
		B8A772B01AB3E4A30061DEFB /* TableViewController.h */ = {isa = PBXFileReference; fileEncoding = 4; lastKnownFileType = sourcecode.c.h; name = TableViewController.h; path = ../TableViewController.h; sourceTree = "<group>"; };
		B8A772B11AB3E4A30061DEFB /* TableViewController.m */ = {isa = PBXFileReference; fileEncoding = 4; lastKnownFileType = sourcecode.c.objc; name = TableViewController.m; path = ../TableViewController.m; sourceTree = "<group>"; };
		B8A772B31AB3EB430061DEFB /* greatwall.jpeg */ = {isa = PBXFileReference; lastKnownFileType = image.jpeg; name = greatwall.jpeg; path = ../../../../../../Downloads/greatwall.jpeg; sourceTree = "<group>"; };
		B8A772B41AB3EB430061DEFB /* hollywood.jpeg */ = {isa = PBXFileReference; lastKnownFileType = image.jpeg; name = hollywood.jpeg; path = ../../../../../../Downloads/hollywood.jpeg; sourceTree = "<group>"; };
		B8A772B51AB3EB430061DEFB /* esb.jpeg */ = {isa = PBXFileReference; lastKnownFileType = image.jpeg; name = esb.jpeg; path = ../../../../../../Downloads/esb.jpeg; sourceTree = "<group>"; };
		B8A772B61AB3EB430061DEFB /* bigben.jpeg */ = {isa = PBXFileReference; lastKnownFileType = image.jpeg; name = bigben.jpeg; path = ../../../../../../Downloads/bigben.jpeg; sourceTree = "<group>"; };
		B8A772B71AB3EB430061DEFB /* christ.jpeg */ = {isa = PBXFileReference; lastKnownFileType = image.jpeg; name = christ.jpeg; path = ../../../../../../Downloads/christ.jpeg; sourceTree = "<group>"; };
		B8A772B81AB3EB430061DEFB /* cn.jpeg */ = {isa = PBXFileReference; lastKnownFileType = image.jpeg; name = cn.jpeg; path = ../../../../../../Downloads/cn.jpeg; sourceTree = "<group>"; };
		B8A772B91AB3EB430061DEFB /* eiffel.jpeg */ = {isa = PBXFileReference; lastKnownFileType = image.jpeg; name = eiffel.jpeg; path = ../../../../../../Downloads/eiffel.jpeg; sourceTree = "<group>"; };
		B8A772BA1AB3EB430061DEFB /* taj.jpeg */ = {isa = PBXFileReference; lastKnownFileType = image.jpeg; name = taj.jpeg; path = ../../../../../../Downloads/taj.jpeg; sourceTree = "<group>"; };
		B8A772BB1AB3EB430061DEFB /* stonehenge.jpeg */ = {isa = PBXFileReference; lastKnownFileType = image.jpeg; name = stonehenge.jpeg; path = ../../../../../../Downloads/stonehenge.jpeg; sourceTree = "<group>"; };
		B8A772C51AB3ECC60061DEFB /* TableViewCell.h */ = {isa = PBXFileReference; fileEncoding = 4; lastKnownFileType = sourcecode.c.h; name = TableViewCell.h; path = ../TableViewCell.h; sourceTree = "<group>"; };
		B8A772C61AB3ECC60061DEFB /* TableViewCell.m */ = {isa = PBXFileReference; fileEncoding = 4; lastKnownFileType = sourcecode.c.objc; name = TableViewCell.m; path = ../TableViewCell.m; sourceTree = "<group>"; };
		B8A772C81AB4BF490061DEFB /* DetailViewController.h */ = {isa = PBXFileReference; fileEncoding = 4; lastKnownFileType = sourcecode.c.h; path = DetailViewController.h; sourceTree = "<group>"; };
		B8A772C91AB4BF490061DEFB /* DetailViewController.m */ = {isa = PBXFileReference; fileEncoding = 4; lastKnownFileType = sourcecode.c.objc; path = DetailViewController.m; sourceTree = "<group>"; };
/* End PBXFileReference section */

/* Begin PBXFrameworksBuildPhase section */
		B8A772841AB3E4110061DEFB /* Frameworks */ = {
			isa = PBXFrameworksBuildPhase;
			buildActionMask = 2147483647;
			files = (
			);
			runOnlyForDeploymentPostprocessing = 0;
		};
		B8A7729D1AB3E4120061DEFB /* Frameworks */ = {
			isa = PBXFrameworksBuildPhase;
			buildActionMask = 2147483647;
			files = (
			);
			runOnlyForDeploymentPostprocessing = 0;
		};
/* End PBXFrameworksBuildPhase section */

/* Begin PBXGroup section */
		B8A7727E1AB3E4110061DEFB = {
			isa = PBXGroup;
			children = (
				B8A772891AB3E4110061DEFB /* TableViewApp */,
				B8A772A31AB3E4120061DEFB /* TableViewAppTests */,
				B8A772881AB3E4110061DEFB /* Products */,
			);
			sourceTree = "<group>";
		};
		B8A772881AB3E4110061DEFB /* Products */ = {
			isa = PBXGroup;
			children = (
				B8A772871AB3E4110061DEFB /* TableViewApp.app */,
				B8A772A01AB3E4120061DEFB /* TableViewAppTests.xctest */,
			);
			name = Products;
			sourceTree = "<group>";
		};
		B8A772891AB3E4110061DEFB /* TableViewApp */ = {
			isa = PBXGroup;
			children = (
				B8A7728E1AB3E4120061DEFB /* AppDelegate.h */,
				B8A7728F1AB3E4120061DEFB /* AppDelegate.m */,
				B8A772C51AB3ECC60061DEFB /* TableViewCell.h */,
				B8A772C61AB3ECC60061DEFB /* TableViewCell.m */,
				B8A772B01AB3E4A30061DEFB /* TableViewController.h */,
				B8A772B11AB3E4A30061DEFB /* TableViewController.m */,
				B8A772941AB3E4120061DEFB /* Main.storyboard */,
				B8A772C81AB4BF490061DEFB /* DetailViewController.h */,
				B8A772C91AB4BF490061DEFB /* DetailViewController.m */,
				B8A772971AB3E4120061DEFB /* Images.xcassets */,
				B8A772991AB3E4120061DEFB /* LaunchScreen.xib */,
				B8A7728A1AB3E4120061DEFB /* Supporting Files */,
			);
			path = TableViewApp;
			sourceTree = "<group>";
		};
		B8A7728A1AB3E4120061DEFB /* Supporting Files */ = {
			isa = PBXGroup;
			children = (
				B8A772B31AB3EB430061DEFB /* greatwall.jpeg */,
				B8A772B41AB3EB430061DEFB /* hollywood.jpeg */,
				B8A772B51AB3EB430061DEFB /* esb.jpeg */,
				B8A772B61AB3EB430061DEFB /* bigben.jpeg */,
				B8A772B71AB3EB430061DEFB /* christ.jpeg */,
				B8A772B81AB3EB430061DEFB /* cn.jpeg */,
				B8A772B91AB3EB430061DEFB /* eiffel.jpeg */,
				B8A772BA1AB3EB430061DEFB /* taj.jpeg */,
				B8A772BB1AB3EB430061DEFB /* stonehenge.jpeg */,
				B8A7728B1AB3E4120061DEFB /* Info.plist */,
				B8A7728C1AB3E4120061DEFB /* main.m */,
			);
			name = "Supporting Files";
			sourceTree = "<group>";
		};
		B8A772A31AB3E4120061DEFB /* TableViewAppTests */ = {
			isa = PBXGroup;
			children = (
				B8A772A61AB3E4120061DEFB /* TableViewAppTests.m */,
				B8A772A41AB3E4120061DEFB /* Supporting Files */,
			);
			path = TableViewAppTests;
			sourceTree = "<group>";
		};
		B8A772A41AB3E4120061DEFB /* Supporting Files */ = {
			isa = PBXGroup;
			children = (
				B8A772A51AB3E4120061DEFB /* Info.plist */,
			);
			name = "Supporting Files";
			sourceTree = "<group>";
		};
/* End PBXGroup section */

/* Begin PBXNativeTarget section */
		B8A772861AB3E4110061DEFB /* TableViewApp */ = {
			isa = PBXNativeTarget;
			buildConfigurationList = B8A772AA1AB3E4120061DEFB /* Build configuration list for PBXNativeTarget "TableViewApp" */;
			buildPhases = (
				B8A772831AB3E4110061DEFB /* Sources */,
				B8A772841AB3E4110061DEFB /* Frameworks */,
				B8A772851AB3E4110061DEFB /* Resources */,
			);
			buildRules = (
			);
			dependencies = (
			);
			name = TableViewApp;
			productName = TableViewApp;
			productReference = B8A772871AB3E4110061DEFB /* TableViewApp.app */;
			productType = "com.apple.product-type.application";
		};
		B8A7729F1AB3E4120061DEFB /* TableViewAppTests */ = {
			isa = PBXNativeTarget;
			buildConfigurationList = B8A772AD1AB3E4120061DEFB /* Build configuration list for PBXNativeTarget "TableViewAppTests" */;
			buildPhases = (
				B8A7729C1AB3E4120061DEFB /* Sources */,
				B8A7729D1AB3E4120061DEFB /* Frameworks */,
				B8A7729E1AB3E4120061DEFB /* Resources */,
			);
			buildRules = (
			);
			dependencies = (
				B8A772A21AB3E4120061DEFB /* PBXTargetDependency */,
			);
			name = TableViewAppTests;
			productName = TableViewAppTests;
			productReference = B8A772A01AB3E4120061DEFB /* TableViewAppTests.xctest */;
			productType = "com.apple.product-type.bundle.unit-test";
		};
/* End PBXNativeTarget section */

/* Begin PBXProject section */
		B8A7727F1AB3E4110061DEFB /* Project object */ = {
			isa = PBXProject;
			attributes = {
				LastUpgradeCheck = 0620;
				ORGANIZATIONNAME = petercng;
				TargetAttributes = {
					B8A772861AB3E4110061DEFB = {
						CreatedOnToolsVersion = 6.2;
						DevelopmentTeam = C87WRZURX8;
					};
					B8A7729F1AB3E4120061DEFB = {
						CreatedOnToolsVersion = 6.2;
						TestTargetID = B8A772861AB3E4110061DEFB;
					};
				};
			};
			buildConfigurationList = B8A772821AB3E4110061DEFB /* Build configuration list for PBXProject "TableViewApp" */;
			compatibilityVersion = "Xcode 3.2";
			developmentRegion = English;
			hasScannedForEncodings = 0;
			knownRegions = (
				en,
				Base,
			);
			mainGroup = B8A7727E1AB3E4110061DEFB;
			productRefGroup = B8A772881AB3E4110061DEFB /* Products */;
			projectDirPath = "";
			projectRoot = "";
			targets = (
				B8A772861AB3E4110061DEFB /* TableViewApp */,
				B8A7729F1AB3E4120061DEFB /* TableViewAppTests */,
			);
		};
/* End PBXProject section */

/* Begin PBXResourcesBuildPhase section */
		B8A772851AB3E4110061DEFB /* Resources */ = {
			isa = PBXResourcesBuildPhase;
			buildActionMask = 2147483647;
			files = (
				B8A772C31AB3EB430061DEFB /* taj.jpeg in Resources */,
				B8A772961AB3E4120061DEFB /* Main.storyboard in Resources */,
				B8A772BF1AB3EB430061DEFB /* bigben.jpeg in Resources */,
				B8A772C21AB3EB430061DEFB /* eiffel.jpeg in Resources */,
				B8A772BC1AB3EB430061DEFB /* greatwall.jpeg in Resources */,
				B8A772C11AB3EB430061DEFB /* cn.jpeg in Resources */,
				B8A772BE1AB3EB430061DEFB /* esb.jpeg in Resources */,
				B8A772C41AB3EB430061DEFB /* stonehenge.jpeg in Resources */,
				B8A772C01AB3EB430061DEFB /* christ.jpeg in Resources */,
				B8A7729B1AB3E4120061DEFB /* LaunchScreen.xib in Resources */,
				B8A772BD1AB3EB430061DEFB /* hollywood.jpeg in Resources */,
				B8A772981AB3E4120061DEFB /* Images.xcassets in Resources */,
			);
			runOnlyForDeploymentPostprocessing = 0;
		};
		B8A7729E1AB3E4120061DEFB /* Resources */ = {
			isa = PBXResourcesBuildPhase;
			buildActionMask = 2147483647;
			files = (
			);
			runOnlyForDeploymentPostprocessing = 0;
		};
/* End PBXResourcesBuildPhase section */

/* Begin PBXSourcesBuildPhase section */
		B8A772831AB3E4110061DEFB /* Sources */ = {
			isa = PBXSourcesBuildPhase;
			buildActionMask = 2147483647;
			files = (
				B8A772CA1AB4BF490061DEFB /* DetailViewController.m in Sources */,
				B8A772901AB3E4120061DEFB /* AppDelegate.m in Sources */,
				B8A772C71AB3ECC60061DEFB /* TableViewCell.m in Sources */,
				B8A772B21AB3E4A30061DEFB /* TableViewController.m in Sources */,
				B8A7728D1AB3E4120061DEFB /* main.m in Sources */,
			);
			runOnlyForDeploymentPostprocessing = 0;
		};
		B8A7729C1AB3E4120061DEFB /* Sources */ = {
			isa = PBXSourcesBuildPhase;
			buildActionMask = 2147483647;
			files = (
				B8A772A71AB3E4120061DEFB /* TableViewAppTests.m in Sources */,
			);
			runOnlyForDeploymentPostprocessing = 0;
		};
/* End PBXSourcesBuildPhase section */

/* Begin PBXTargetDependency section */
		B8A772A21AB3E4120061DEFB /* PBXTargetDependency */ = {
			isa = PBXTargetDependency;
			target = B8A772861AB3E4110061DEFB /* TableViewApp */;
			targetProxy = B8A772A11AB3E4120061DEFB /* PBXContainerItemProxy */;
		};
/* End PBXTargetDependency section */

/* Begin PBXVariantGroup section */
		B8A772941AB3E4120061DEFB /* Main.storyboard */ = {
			isa = PBXVariantGroup;
			children = (
				B8A772951AB3E4120061DEFB /* Base */,
			);
			name = Main.storyboard;
			sourceTree = "<group>";
		};
		B8A772991AB3E4120061DEFB /* LaunchScreen.xib */ = {
			isa = PBXVariantGroup;
			children = (
				B8A7729A1AB3E4120061DEFB /* Base */,
			);
			name = LaunchScreen.xib;
			sourceTree = "<group>";
		};
/* End PBXVariantGroup section */

/* Begin XCBuildConfiguration section */
		B8A772A81AB3E4120061DEFB /* Debug */ = {
			isa = XCBuildConfiguration;
			buildSettings = {
				ALWAYS_SEARCH_USER_PATHS = NO;
				CLANG_CXX_LANGUAGE_STANDARD = "gnu++0x";
				CLANG_CXX_LIBRARY = "libc++";
				CLANG_ENABLE_MODULES = YES;
				CLANG_ENABLE_OBJC_ARC = YES;
				CLANG_WARN_BOOL_CONVERSION = YES;
				CLANG_WARN_CONSTANT_CONVERSION = YES;
				CLANG_WARN_DIRECT_OBJC_ISA_USAGE = YES_ERROR;
				CLANG_WARN_EMPTY_BODY = YES;
				CLANG_WARN_ENUM_CONVERSION = YES;
				CLANG_WARN_INT_CONVERSION = YES;
				CLANG_WARN_OBJC_ROOT_CLASS = YES_ERROR;
				CLANG_WARN_UNREACHABLE_CODE = YES;
				CLANG_WARN__DUPLICATE_METHOD_MATCH = YES;
				CODE_SIGN_IDENTITY = "iPhone Distribution: Publicis Groupe S.A.";
				"CODE_SIGN_IDENTITY[sdk=iphoneos*]" = "iPhone Distribution: Publicis Groupe S.A.";
				COPY_PHASE_STRIP = NO;
				ENABLE_STRICT_OBJC_MSGSEND = YES;
				GCC_C_LANGUAGE_STANDARD = gnu99;
				GCC_DYNAMIC_NO_PIC = NO;
				GCC_OPTIMIZATION_LEVEL = 0;
				GCC_PREPROCESSOR_DEFINITIONS = (
					"DEBUG=1",
					"$(inherited)",
				);
				GCC_SYMBOLS_PRIVATE_EXTERN = NO;
				GCC_WARN_64_TO_32_BIT_CONVERSION = YES;
				GCC_WARN_ABOUT_RETURN_TYPE = YES_ERROR;
				GCC_WARN_UNDECLARED_SELECTOR = YES;
				GCC_WARN_UNINITIALIZED_AUTOS = YES_AGGRESSIVE;
				GCC_WARN_UNUSED_FUNCTION = YES;
				GCC_WARN_UNUSED_VARIABLE = YES;
				IPHONEOS_DEPLOYMENT_TARGET = 8.1;
				MTL_ENABLE_DEBUG_INFO = YES;
				ONLY_ACTIVE_ARCH = YES;
				PROVISIONING_PROFILE = "e9d954a3-cb6f-4107-a69d-cca14b82231b";
				SDKROOT = iphoneos;
			};
			name = Debug;
		};
		B8A772A91AB3E4120061DEFB /* Release */ = {
			isa = XCBuildConfiguration;
			buildSettings = {
				ALWAYS_SEARCH_USER_PATHS = NO;
				CLANG_CXX_LANGUAGE_STANDARD = "gnu++0x";
				CLANG_CXX_LIBRARY = "libc++";
				CLANG_ENABLE_MODULES = YES;
				CLANG_ENABLE_OBJC_ARC = YES;
				CLANG_WARN_BOOL_CONVERSION = YES;
				CLANG_WARN_CONSTANT_CONVERSION = YES;
				CLANG_WARN_DIRECT_OBJC_ISA_USAGE = YES_ERROR;
				CLANG_WARN_EMPTY_BODY = YES;
				CLANG_WARN_ENUM_CONVERSION = YES;
				CLANG_WARN_INT_CONVERSION = YES;
				CLANG_WARN_OBJC_ROOT_CLASS = YES_ERROR;
				CLANG_WARN_UNREACHABLE_CODE = YES;
				CLANG_WARN__DUPLICATE_METHOD_MATCH = YES;
				CODE_SIGN_IDENTITY = "iPhone Distribution: Publicis Groupe S.A.";
				"CODE_SIGN_IDENTITY[sdk=iphoneos*]" = "iPhone Distribution: Publicis Groupe S.A.";
				COPY_PHASE_STRIP = NO;
				ENABLE_NS_ASSERTIONS = NO;
				ENABLE_STRICT_OBJC_MSGSEND = YES;
				GCC_C_LANGUAGE_STANDARD = gnu99;
				GCC_WARN_64_TO_32_BIT_CONVERSION = YES;
				GCC_WARN_ABOUT_RETURN_TYPE = YES_ERROR;
				GCC_WARN_UNDECLARED_SELECTOR = YES;
				GCC_WARN_UNINITIALIZED_AUTOS = YES_AGGRESSIVE;
				GCC_WARN_UNUSED_FUNCTION = YES;
				GCC_WARN_UNUSED_VARIABLE = YES;
				IPHONEOS_DEPLOYMENT_TARGET = 8.1;
				MTL_ENABLE_DEBUG_INFO = NO;
				PROVISIONING_PROFILE = "e9d954a3-cb6f-4107-a69d-cca14b82231b";
				SDKROOT = iphoneos;
				VALIDATE_PRODUCT = YES;
			};
			name = Release;
		};
		B8A772AB1AB3E4120061DEFB /* Debug */ = {
			isa = XCBuildConfiguration;
			buildSettings = {
				ASSETCATALOG_COMPILER_APPICON_NAME = AppIcon;
				CODE_SIGN_IDENTITY = "iPhone Distribution: Publicis Groupe S.A.";
				"CODE_SIGN_IDENTITY[sdk=iphoneos*]" = "iPhone Distribution: Publicis Groupe S.A.";
				INFOPLIST_FILE = TableViewApp/Info.plist;
				IPHONEOS_DEPLOYMENT_TARGET = 8.1;
				LD_RUNPATH_SEARCH_PATHS = "$(inherited) @executable_path/Frameworks";
				PRODUCT_NAME = "$(TARGET_NAME)";
				PROVISIONING_PROFILE = "";
			};
			name = Debug;
		};
		B8A772AC1AB3E4120061DEFB /* Release */ = {
			isa = XCBuildConfiguration;
			buildSettings = {
				ASSETCATALOG_COMPILER_APPICON_NAME = AppIcon;
				CODE_SIGN_IDENTITY = "iPhone Distribution: Publicis Groupe S.A.";
				"CODE_SIGN_IDENTITY[sdk=iphoneos*]" = "iPhone Distribution: Publicis Groupe S.A.";
				INFOPLIST_FILE = TableViewApp/Info.plist;
				IPHONEOS_DEPLOYMENT_TARGET = 8.1;
				LD_RUNPATH_SEARCH_PATHS = "$(inherited) @executable_path/Frameworks";
				PRODUCT_NAME = "$(TARGET_NAME)";
				PROVISIONING_PROFILE = "";
			};
			name = Release;
		};
		B8A772AE1AB3E4120061DEFB /* Debug */ = {
			isa = XCBuildConfiguration;
			buildSettings = {
				BUNDLE_LOADER = "$(TEST_HOST)";
				FRAMEWORK_SEARCH_PATHS = (
					"$(SDKROOT)/Developer/Library/Frameworks",
					"$(inherited)",
				);
				GCC_PREPROCESSOR_DEFINITIONS = (
					"DEBUG=1",
					"$(inherited)",
				);
				INFOPLIST_FILE = TableViewAppTests/Info.plist;
				LD_RUNPATH_SEARCH_PATHS = "$(inherited) @executable_path/Frameworks @loader_path/Frameworks";
				PRODUCT_NAME = "$(TARGET_NAME)";
				TEST_HOST = "$(BUILT_PRODUCTS_DIR)/TableViewApp.app/TableViewApp";
			};
			name = Debug;
		};
		B8A772AF1AB3E4120061DEFB /* Release */ = {
			isa = XCBuildConfiguration;
			buildSettings = {
				BUNDLE_LOADER = "$(TEST_HOST)";
				FRAMEWORK_SEARCH_PATHS = (
					"$(SDKROOT)/Developer/Library/Frameworks",
					"$(inherited)",
				);
				INFOPLIST_FILE = TableViewAppTests/Info.plist;
				LD_RUNPATH_SEARCH_PATHS = "$(inherited) @executable_path/Frameworks @loader_path/Frameworks";
				PRODUCT_NAME = "$(TARGET_NAME)";
				TEST_HOST = "$(BUILT_PRODUCTS_DIR)/TableViewApp.app/TableViewApp";
			};
			name = Release;
		};
/* End XCBuildConfiguration section */

/* Begin XCConfigurationList section */
		B8A772821AB3E4110061DEFB /* Build configuration list for PBXProject "TableViewApp" */ = {
			isa = XCConfigurationList;
			buildConfigurations = (
				B8A772A81AB3E4120061DEFB /* Debug */,
				B8A772A91AB3E4120061DEFB /* Release */,
			);
			defaultConfigurationIsVisible = 0;
			defaultConfigurationName = Release;
		};
		B8A772AA1AB3E4120061DEFB /* Build configuration list for PBXNativeTarget "TableViewApp" */ = {
			isa = XCConfigurationList;
			buildConfigurations = (
				B8A772AB1AB3E4120061DEFB /* Debug */,
				B8A772AC1AB3E4120061DEFB /* Release */,
			);
			defaultConfigurationIsVisible = 0;
			defaultConfigurationName = Release;
		};
		B8A772AD1AB3E4120061DEFB /* Build configuration list for PBXNativeTarget "TableViewAppTests" */ = {
			isa = XCConfigurationList;
			buildConfigurations = (
				B8A772AE1AB3E4120061DEFB /* Debug */,
				B8A772AF1AB3E4120061DEFB /* Release */,
			);
			defaultConfigurationIsVisible = 0;
			defaultConfigurationName = Release;
		};
/* End XCConfigurationList section */
	};
	rootObject = B8A7727F1AB3E4110061DEFB /* Project object */;
}
